<?xml version="1.0" encoding="utf-8"?>
<Project ToolsVersion="4.0" xmlns="http://schemas.microsoft.com/developer/msbuild/2003">
  <ItemGroup>
    <Filter Include="Source Files">
      <UniqueIdentifier>{4FC737F1-C7A5-4376-A066-2A32D752A2FF}</UniqueIdentifier>
      <Extensions>cpp;c;cc;cxx;def;odl;idl;hpj;bat;asm;asmx</Extensions>
    </Filter>
    <Filter Include="Header Files">
      <UniqueIdentifier>{93995380-89BD-4b04-88EB-625FBE52EBFB}</UniqueIdentifier>
      <Extensions>h;hh;hpp;hxx;hm;inl;inc;ipp;xsd</Extensions>
    </Filter>
    <Filter Include="Resource Files">
      <UniqueIdentifier>{67DA6AB6-F800-4c08-8B7A-83BB121AAD01}</UniqueIdentifier>
      <Extensions>rc;ico;cur;bmp;dlg;rc2;rct;bin;rgs;gif;jpg;jpeg;jpe;resx;tiff;tif;png;wav;mfcribbon-ms</Extensions>
    </Filter>
    <Filter Include="Source Files\Server">
      <UniqueIdentifier>{4f18422f-24c7-4158-a713-328239bf5e95}</UniqueIdentifier>
    </Filter>
    <Filter Include="Source Files\Client">
      <UniqueIdentifier>{cfcfa6df-9932-479f-a08c-54a86bed5eff}</UniqueIdentifier>
    </Filter>
    <Filter Include="Header Files\Server">
      <UniqueIdentifier>{1cf88bfc-9530-4d03-b69f-2d68514dae9a}</UniqueIdentifier>
    </Filter>
    <Filter Include="Header Files\GameElements">
      <UniqueIdentifier>{10c1061d-993b-4493-a755-f2d4d9d9bccb}</UniqueIdentifier>
    </Filter>
    <Filter Include="Header Files\Client">
      <UniqueIdentifier>{275dfcd9-e41a-4308-9ea0-bfb031961d4a}</UniqueIdentifier>
    </Filter>
    <Filter Include="Source Files\GameElements">
      <UniqueIdentifier>{69fc147d-4aa3-4ead-b351-b37153261127}</UniqueIdentifier>
    </Filter>
  </ItemGroup>
  <ItemGroup>
    <ClCompile Include="main.cpp">
      <Filter>Source Files</Filter>
    </ClCompile>
    <ClCompile Include="Client.cpp">
      <Filter>Source Files\Client</Filter>
    </ClCompile>
    <ClCompile Include="Server.cpp">
      <Filter>Source Files\Server</Filter>
    </ClCompile>
    <ClCompile Include="game.cpp">
      <Filter>Source Files\Client</Filter>
    </ClCompile>
    <ClCompile Include="Player.cpp">
      <Filter>Source Files\Client</Filter>
    </ClCompile>
    <ClCompile Include="RenderGame.cpp">
      <Filter>Source Files\Server</Filter>
    </ClCompile>
    <ClCompile Include="PlayerBox.cpp">
      <Filter>Source Files\Server</Filter>
    </ClCompile>
    <ClCompile Include="Bullet.cpp">
      <Filter>Source Files</Filter>
    </ClCompile>
  </ItemGroup>
  <ItemGroup>
    <ClInclude Include="Client.hpp">
      <Filter>Header Files\Client</Filter>
    </ClInclude>
    <ClInclude Include="Server.hpp">
      <Filter>Header Files\Server</Filter>
    </ClInclude>
    <ClInclude Include="Player.hpp">
      <Filter>Header Files\Client</Filter>
    </ClInclude>
    <ClInclude Include="ResourceIdentifier.hpp">
      <Filter>Header Files\Client</Filter>
    </ClInclude>
    <ClInclude Include="SoundPlayer.hpp">
      <Filter>Header Files\Client</Filter>
    </ClInclude>
    <ClInclude Include="ResourceHolder.hpp">
      <Filter>Header Files\Client</Filter>
    </ClInclude>
    <ClInclude Include="MusicPlayer.hpp">
      <Filter>Header Files\Client</Filter>
    </ClInclude>
    <ClInclude Include="ServerConfiguration.hpp">
      <Filter>Header Files\Server</Filter>
    </ClInclude>
    <ClInclude Include="MultiThreading.hpp">
      <Filter>Header Files\Server</Filter>
    </ClInclude>
    <ClInclude Include="NetworkValues.hpp">
      <Filter>Header Files\Server</Filter>
    </ClInclude>
    <ClInclude Include="RenderGame.hpp">
      <Filter>Header Files\Server</Filter>
    </ClInclude>
    <ClInclude Include="PlayerBox.hpp">
      <Filter>Header Files\Server</Filter>
    </ClInclude>
    <ClInclude Include="Game.hpp">
      <Filter>Header Files\Client</Filter>
    </ClInclude>
    <ClInclude Include="Bullet.hpp">
      <Filter>Header Files\Server</Filter>
    </ClInclude>
  </ItemGroup>
</Project>